
Microsoft Visual Studio Solution File, Format Version 12.00
# Visual Studio 2015
Project("{FAE04EC0-301F-11D3-BF4B-00C04F79EFBC}") = "UnityVS.project nexus.CSharp", "UnityVS.project nexus.CSharp.csproj", "{CA6CABFA-360B-3077-7C84-6E6364FC9EB5}"
EndProject
Global
	GlobalSection(SolutionConfigurationPlatforms) = preSolution
		Debug|Any CPU = Debug|Any CPU
		Release|Any CPU = Release|Any CPU
	EndGlobalSection
	GlobalSection(ProjectConfigurationPlatforms) = postSolution
		{CA6CABFA-360B-3077-7C84-6E6364FC9EB5}.Debug|Any CPU.ActiveCfg = Debug|Any CPU
		{CA6CABFA-360B-3077-7C84-6E6364FC9EB5}.Debug|Any CPU.Build.0 = Debug|Any CPU
		{CA6CABFA-360B-3077-7C84-6E6364FC9EB5}.Release|Any CPU.ActiveCfg = Release|Any CPU
		{CA6CABFA-360B-3077-7C84-6E6364FC9EB5}.Release|Any CPU.Build.0 = Release|Any CPU
	EndGlobalSection
	GlobalSection(SolutionProperties) = preSolution
		HideSolutionNode = FALSE
	EndGlobalSection
EndGlobal
